
Microsoft Visual Studio Solution File, Format Version 12.00
# Visual Studio Version 17
VisualStudioVersion = 17.4.33213.308
MinimumVisualStudioVersion = 10.0.40219.1
Project("{FAE04EC0-301F-11D3-BF4B-00C04F79EFBC}") = "WpfAppName", "WpfAppName\WpfAppName.csproj", "{D6372D37-6286-434C-BEC7-E594E9E727E4}"
EndProject
Global
	GlobalSection(SolutionConfigurationPlatforms) = preSolution
		Debug|Any CPU = Debug|Any CPU
		Release|Any CPU = Release|Any CPU
	EndGlobalSection
	GlobalSection(ProjectConfigurationPlatforms) = postSolution
		{D6372D37-6286-434C-BEC7-E594E9E727E4}.Debug|Any CPU.ActiveCfg = Debug|Any CPU
		{D6372D37-6286-434C-BEC7-E594E9E727E4}.Debug|Any CPU.Build.0 = Debug|Any CPU
		{D6372D37-6286-434C-BEC7-E594E9E727E4}.Release|Any CPU.ActiveCfg = Release|Any CPU
		{D6372D37-6286-434C-BEC7-E594E9E727E4}.Release|Any CPU.Build.0 = Release|Any CPU
	EndGlobalSection
	GlobalSection(SolutionProperties) = preSolution
		HideSolutionNode = FALSE
	EndGlobalSection
	GlobalSection(ExtensibilityGlobals) = postSolution
		SolutionGuid = {76E5EBB8-717B-4F4A-97AE-00B26E76AF96}
	EndGlobalSection
EndGlobal
